
Microsoft Visual Studio Solution File, Format Version 12.00
# Visual Studio Version 16
VisualStudioVersion = 16.0.30517.126
MinimumVisualStudioVersion = 10.0.40219.1
Project("{FAE04EC0-301F-11D3-BF4B-00C04F79EFBC}") = "AE2", "AE2.csproj", "{2C8B895A-D784-40B4-A1F9-31907ED43F7C}"
EndProject
Global
	GlobalSection(SolutionConfigurationPlatforms) = preSolution
		Debug|Any CPU = Debug|Any CPU
		Release|Any CPU = Release|Any CPU
	EndGlobalSection
	GlobalSection(ProjectConfigurationPlatforms) = postSolution
		{2C8B895A-D784-40B4-A1F9-31907ED43F7C}.Debug|Any CPU.ActiveCfg = Debug|Any CPU
		{2C8B895A-D784-40B4-A1F9-31907ED43F7C}.Debug|Any CPU.Build.0 = Debug|Any CPU
		{2C8B895A-D784-40B4-A1F9-31907ED43F7C}.Release|Any CPU.ActiveCfg = Release|Any CPU
		{2C8B895A-D784-40B4-A1F9-31907ED43F7C}.Release|Any CPU.Build.0 = Release|Any CPU
	EndGlobalSection
	GlobalSection(SolutionProperties) = preSolution
		HideSolutionNode = FALSE
	EndGlobalSection
	GlobalSection(ExtensibilityGlobals) = postSolution
		SolutionGuid = {0A66F8A6-8046-48B9-A5FD-41692AB99AC8}
	EndGlobalSection
EndGlobal
